{
  "name": "tiktok-websocket-server",
  "lockfileVersion": 2,
  "requires": true,
  "packages": {
    "": {
      "name": "tiktok-websocket-server",
      "version": "1.0.0",
      "license": "ISC",
      "dependencies": {
        "tiktok-live-connector": "1.5.6",
        "ws": "^8.13.0"
      }
    }
  }
}